{
	"name": "@m4rch/create",
	"version": "0.1.2",
	"lockfileVersion": 2,
	"requires": true,
	"packages": {
		"": {
			"name": "@m4rch/create",
			"version": "0.1.2",
			"license": "Unlicense",
			"dependencies": {
				"@m4rch/command": "^0.1.4"
			},
			"bin": {
				"create": "bin/cli"
			}
		},
		"node_modules/@m4rch/command": {
			"version": "0.1.4",
			"resolved": "https://registry.npmjs.org/@m4rch/command/-/command-0.1.4.tgz",
			"integrity": "sha512-RVJhQt5ohJe96TQcKYqvsmlQ+uU2hzVP4F4fBhcTGLpuOh8d6ErZ0IwwLZjMNCJSGSUEPaS1UeLJuggrHYMeGg=="
		}
	},
	"dependencies": {
		"@m4rch/command": {
			"version": "0.1.4",
			"resolved": "https://registry.npmjs.org/@m4rch/command/-/command-0.1.4.tgz",
			"integrity": "sha512-RVJhQt5ohJe96TQcKYqvsmlQ+uU2hzVP4F4fBhcTGLpuOh8d6ErZ0IwwLZjMNCJSGSUEPaS1UeLJuggrHYMeGg=="
		}
	}
}
