{
	"name": "@m4rch/create",
	"version": "0.1.5",
	"lockfileVersion": 2,
	"requires": true,
	"packages": {
		"": {
			"name": "@m4rch/create",
			"version": "0.1.5",
			"license": "Unlicense",
			"dependencies": {
				"@m4rch/command": "^0.1.5"
			},
			"bin": {
				"create": "bin/cli"
			}
		},
		"node_modules/@m4rch/command": {
			"version": "0.1.5",
			"resolved": "https://registry.npmjs.org/@m4rch/command/-/command-0.1.5.tgz",
			"integrity": "sha512-JH9WFDhLrNHe6IiZ9T16nsWtMR2BkzqoEAvlVJQhYMK0th6nNtdql03NUIQzvfSeMKJ7oDpfY1ERxc7cu/3f4A=="
		}
	},
	"dependencies": {
		"@m4rch/command": {
			"version": "0.1.5",
			"resolved": "https://registry.npmjs.org/@m4rch/command/-/command-0.1.5.tgz",
			"integrity": "sha512-JH9WFDhLrNHe6IiZ9T16nsWtMR2BkzqoEAvlVJQhYMK0th6nNtdql03NUIQzvfSeMKJ7oDpfY1ERxc7cu/3f4A=="
		}
	}
}
